
Microsoft Visual Studio Solution File, Format Version 12.00
# Visual Studio Version 16
VisualStudioVersion = 16.0.29326.143
MinimumVisualStudioVersion = 10.0.40219.1
Project("{FAE04EC0-301F-11D3-BF4B-00C04F79EFBC}") = "assignment5attempt2", "assignment5attempt2\assignment5attempt2.csproj", "{E1DBA347-B257-48F2-9065-EB9AE0635676}"
EndProject
Global
	GlobalSection(SolutionConfigurationPlatforms) = preSolution
		Debug|Any CPU = Debug|Any CPU
		Release|Any CPU = Release|Any CPU
	EndGlobalSection
	GlobalSection(ProjectConfigurationPlatforms) = postSolution
		{E1DBA347-B257-48F2-9065-EB9AE0635676}.Debug|Any CPU.ActiveCfg = Debug|Any CPU
		{E1DBA347-B257-48F2-9065-EB9AE0635676}.Debug|Any CPU.Build.0 = Debug|Any CPU
		{E1DBA347-B257-48F2-9065-EB9AE0635676}.Release|Any CPU.ActiveCfg = Release|Any CPU
		{E1DBA347-B257-48F2-9065-EB9AE0635676}.Release|Any CPU.Build.0 = Release|Any CPU
	EndGlobalSection
	GlobalSection(SolutionProperties) = preSolution
		HideSolutionNode = FALSE
	EndGlobalSection
	GlobalSection(ExtensibilityGlobals) = postSolution
		SolutionGuid = {C6F1CC61-39BF-4482-8E41-4AB2ABAD23A6}
	EndGlobalSection
EndGlobal
